# This file is automatically @generated by Cargo.
# It is not intended for manual editing.
version = 3

[[package]]
name = "demo-rust-app"
version = "0.1.0"
dependencies = [
 "tokio",
 "serde",
 "chrono",
]

[[package]]
name = "tokio"
version = "1.10.0"
source = "registry+https://github.com/rust-lang/crates.io-index"
checksum = "1234567890abcdef"

[[package]]
name = "serde"
version = "1.0.126"
source = "registry+https://github.com/rust-lang/crates.io-index"
checksum = "abcdef1234567890"

[[package]]
name = "chrono"
version = "0.4.19"
source = "registry+https://github.com/rust-lang/crates.io-index"
checksum = "0987654321fedcba"
